// !$*UTF8*$!
{
	archiveVersion = 1;
	classes = {
	};
	objectVersion = 55;
	objects = {

/* Begin PBXBuildFile section */
		F27E922C299B86920088F194 /* AppDelegate.swift in Sources */ = {isa = PBXBuildFile; fileRef = F27E922B299B86920088F194 /* AppDelegate.swift */; };
		F27E922E299B86920088F194 /* SceneDelegate.swift in Sources */ = {isa = PBXBuildFile; fileRef = F27E922D299B86920088F194 /* SceneDelegate.swift */; };
		F27E9230299B86920088F194 /* ViewController.swift in Sources */ = {isa = PBXBuildFile; fileRef = F27E922F299B86920088F194 /* ViewController.swift */; };
		F27E9233299B86920088F194 /* Main.storyboard in Resources */ = {isa = PBXBuildFile; fileRef = F27E9231299B86920088F194 /* Main.storyboard */; };
		F27E9235299B86930088F194 /* Assets.xcassets in Resources */ = {isa = PBXBuildFile; fileRef = F27E9234299B86930088F194 /* Assets.xcassets */; };
		F27E9238299B86930088F194 /* LaunchScreen.storyboard in Resources */ = {isa = PBXBuildFile; fileRef = F27E9236299B86930088F194 /* LaunchScreen.storyboard */; };
		F2E1FA01299B900700B812D6 /* Star_Wars_Logo..png in Resources */ = {isa = PBXBuildFile; fileRef = F2E1FA00299B900700B812D6 /* Star_Wars_Logo..png */; };
		F2E1FA03299B90C600B812D6 /* star_wars_logo_PNG34 1.png in Resources */ = {isa = PBXBuildFile; fileRef = F2E1FA02299B90C600B812D6 /* star_wars_logo_PNG34 1.png */; };
		F2E1FA05299BA68100B812D6 /* Cellule.swift in Sources */ = {isa = PBXBuildFile; fileRef = F2E1FA04299BA68100B812D6 /* Cellule.swift */; };
/* End PBXBuildFile section */

/* Begin PBXFileReference section */
		F27E9228299B86920088F194 /* Lab-ACHRAF.app */ = {isa = PBXFileReference; explicitFileType = wrapper.application; includeInIndex = 0; path = "Lab-ACHRAF.app"; sourceTree = BUILT_PRODUCTS_DIR; };
		F27E922B299B86920088F194 /* AppDelegate.swift */ = {isa = PBXFileReference; lastKnownFileType = sourcecode.swift; path = AppDelegate.swift; sourceTree = "<group>"; };
		F27E922D299B86920088F194 /* SceneDelegate.swift */ = {isa = PBXFileReference; lastKnownFileType = sourcecode.swift; path = SceneDelegate.swift; sourceTree = "<group>"; };
		F27E922F299B86920088F194 /* ViewController.swift */ = {isa = PBXFileReference; lastKnownFileType = sourcecode.swift; path = ViewController.swift; sourceTree = "<group>"; };
		F27E9232299B86920088F194 /* Base */ = {isa = PBXFileReference; lastKnownFileType = file.storyboard; name = Base; path = Base.lproj/Main.storyboard; sourceTree = "<group>"; };
		F27E9234299B86930088F194 /* Assets.xcassets */ = {isa = PBXFileReference; lastKnownFileType = folder.assetcatalog; path = Assets.xcassets; sourceTree = "<group>"; };
		F27E9237299B86930088F194 /* Base */ = {isa = PBXFileReference; lastKnownFileType = file.storyboard; name = Base; path = Base.lproj/LaunchScreen.storyboard; sourceTree = "<group>"; };
		F27E9239299B86930088F194 /* Info.plist */ = {isa = PBXFileReference; lastKnownFileType = text.plist.xml; path = Info.plist; sourceTree = "<group>"; };
		F2E1FA00299B900700B812D6 /* Star_Wars_Logo..png */ = {isa = PBXFileReference; lastKnownFileType = image.png; name = Star_Wars_Logo..png; path = ../../../Star_Wars_Logo..png; sourceTree = "<group>"; };
		F2E1FA02299B90C600B812D6 /* star_wars_logo_PNG34 1.png */ = {isa = PBXFileReference; lastKnownFileType = image.png; name = "star_wars_logo_PNG34 1.png"; path = "../../../star_wars_logo_PNG34 1.png"; sourceTree = "<group>"; };
		F2E1FA04299BA68100B812D6 /* Cellule.swift */ = {isa = PBXFileReference; lastKnownFileType = sourcecode.swift; path = Cellule.swift; sourceTree = "<group>"; };
/* End PBXFileReference section */

/* Begin PBXFrameworksBuildPhase section */
		F27E9225299B86920088F194 /* Frameworks */ = {
			isa = PBXFrameworksBuildPhase;
			buildActionMask = 2147483647;
			files = (
			);
			runOnlyForDeploymentPostprocessing = 0;
		};
/* End PBXFrameworksBuildPhase section */

/* Begin PBXGroup section */
		F27E921F299B86920088F194 = {
			isa = PBXGroup;
			children = (
				F27E922A299B86920088F194 /* Lab-ACHRAF */,
				F27E9229299B86920088F194 /* Products */,
			);
			sourceTree = "<group>";
		};
		F27E9229299B86920088F194 /* Products */ = {
			isa = PBXGroup;
			children = (
				F27E9228299B86920088F194 /* Lab-ACHRAF.app */,
			);
			name = Products;
			sourceTree = "<group>";
		};
		F27E922A299B86920088F194 /* Lab-ACHRAF */ = {
			isa = PBXGroup;
			children = (
				F27E922B299B86920088F194 /* AppDelegate.swift */,
				F27E922D299B86920088F194 /* SceneDelegate.swift */,
				F27E922F299B86920088F194 /* ViewController.swift */,
				F27E9231299B86920088F194 /* Main.storyboard */,
				F2E1FA00299B900700B812D6 /* Star_Wars_Logo..png */,
				F2E1FA02299B90C600B812D6 /* star_wars_logo_PNG34 1.png */,
				F27E9234299B86930088F194 /* Assets.xcassets */,
				F27E9236299B86930088F194 /* LaunchScreen.storyboard */,
				F27E9239299B86930088F194 /* Info.plist */,
				F2E1FA04299BA68100B812D6 /* Cellule.swift */,
			);
			path = "Lab-ACHRAF";
			sourceTree = "<group>";
		};
/* End PBXGroup section */

/* Begin PBXNativeTarget section */
		F27E9227299B86920088F194 /* Lab-ACHRAF */ = {
			isa = PBXNativeTarget;
			buildConfigurationList = F27E923C299B86930088F194 /* Build configuration list for PBXNativeTarget "Lab-ACHRAF" */;
			buildPhases = (
				F27E9224299B86920088F194 /* Sources */,
				F27E9225299B86920088F194 /* Frameworks */,
				F27E9226299B86920088F194 /* Resources */,
			);
			buildRules = (
			);
			dependencies = (
			);
			name = "Lab-ACHRAF";
			productName = "Lab-ACHRAF";
			productReference = F27E9228299B86920088F194 /* Lab-ACHRAF.app */;
			productType = "com.apple.product-type.application";
		};
/* End PBXNativeTarget section */

/* Begin PBXProject section */
		F27E9220299B86920088F194 /* Project object */ = {
			isa = PBXProject;
			attributes = {
				BuildIndependentTargetsInParallel = 1;
				LastSwiftUpdateCheck = 1340;
				LastUpgradeCheck = 1340;
				TargetAttributes = {
					F27E9227299B86920088F194 = {
						CreatedOnToolsVersion = 13.4.1;
					};
				};
			};
			buildConfigurationList = F27E9223299B86920088F194 /* Build configuration list for PBXProject "Lab-ACHRAF" */;
			compatibilityVersion = "Xcode 13.0";
			developmentRegion = en;
			hasScannedForEncodings = 0;
			knownRegions = (
				en,
				Base,
			);
			mainGroup = F27E921F299B86920088F194;
			productRefGroup = F27E9229299B86920088F194 /* Products */;
			projectDirPath = "";
			projectRoot = "";
			targets = (
				F27E9227299B86920088F194 /* Lab-ACHRAF */,
			);
		};
/* End PBXProject section */

/* Begin PBXResourcesBuildPhase section */
		F27E9226299B86920088F194 /* Resources */ = {
			isa = PBXResourcesBuildPhase;
			buildActionMask = 2147483647;
			files = (
				F27E9238299B86930088F194 /* LaunchScreen.storyboard in Resources */,
				F27E9235299B86930088F194 /* Assets.xcassets in Resources */,
				F2E1FA01299B900700B812D6 /* Star_Wars_Logo..png in Resources */,
				F2E1FA03299B90C600B812D6 /* star_wars_logo_PNG34 1.png in Resources */,
				F27E9233299B86920088F194 /* Main.storyboard in Resources */,
			);
			runOnlyForDeploymentPostprocessing = 0;
		};
/* End PBXResourcesBuildPhase section */

/* Begin PBXSourcesBuildPhase section */
		F27E9224299B86920088F194 /* Sources */ = {
			isa = PBXSourcesBuildPhase;
			buildActionMask = 2147483647;
			files = (
				F27E9230299B86920088F194 /* ViewController.swift in Sources */,
				F2E1FA05299BA68100B812D6 /* Cellule.swift in Sources */,
				F27E922C299B86920088F194 /* AppDelegate.swift in Sources */,
				F27E922E299B86920088F194 /* SceneDelegate.swift in Sources */,
			);
			runOnlyForDeploymentPostprocessing = 0;
		};
/* End PBXSourcesBuildPhase section */

/* Begin PBXVariantGroup section */
		F27E9231299B86920088F194 /* Main.storyboard */ = {
			isa = PBXVariantGroup;
			children = (
				F27E9232299B86920088F194 /* Base */,
			);
			name = Main.storyboard;
			sourceTree = "<group>";
		};
		F27E9236299B86930088F194 /* LaunchScreen.storyboard */ = {
			isa = PBXVariantGroup;
			children = (
				F27E9237299B86930088F194 /* Base */,
			);
			name = LaunchScreen.storyboard;
			sourceTree = "<group>";
		};
/* End PBXVariantGroup section */

/* Begin XCBuildConfiguration section */
		F27E923A299B86930088F194 /* Debug */ = {
			isa = XCBuildConfiguration;
			buildSettings = {
				ALWAYS_SEARCH_USER_PATHS = NO;
				CLANG_ANALYZER_NONNULL = YES;
				CLANG_ANALYZER_NUMBER_OBJECT_CONVERSION = YES_AGGRESSIVE;
				CLANG_CXX_LANGUAGE_STANDARD = "gnu++17";
				CLANG_ENABLE_MODULES = YES;
				CLANG_ENABLE_OBJC_ARC = YES;
				CLANG_ENABLE_OBJC_WEAK = YES;
				CLANG_WARN_BLOCK_CAPTURE_AUTORELEASING = YES;
				CLANG_WARN_BOOL_CONVERSION = YES;
				CLANG_WARN_COMMA = YES;
				CLANG_WARN_CONSTANT_CONVERSION = YES;
				CLANG_WARN_DEPRECATED_OBJC_IMPLEMENTATIONS = YES;
				CLANG_WARN_DIRECT_OBJC_ISA_USAGE = YES_ERROR;
				CLANG_WARN_DOCUMENTATION_COMMENTS = YES;
				CLANG_WARN_EMPTY_BODY = YES;
				CLANG_WARN_ENUM_CONVERSION = YES;
				CLANG_WARN_INFINITE_RECURSION = YES;
				CLANG_WARN_INT_CONVERSION = YES;
				CLANG_WARN_NON_LITERAL_NULL_CONVERSION = YES;
				CLANG_WARN_OBJC_IMPLICIT_RETAIN_SELF = YES;
				CLANG_WARN_OBJC_LITERAL_CONVERSION = YES;
				CLANG_WARN_OBJC_ROOT_CLASS = YES_ERROR;
				CLANG_WARN_QUOTED_INCLUDE_IN_FRAMEWORK_HEADER = YES;
				CLANG_WARN_RANGE_LOOP_ANALYSIS = YES;
				CLANG_WARN_STRICT_PROTOTYPES = YES;
				CLANG_WARN_SUSPICIOUS_MOVE = YES;
				CLANG_WARN_UNGUARDED_AVAILABILITY = YES_AGGRESSIVE;
				CLANG_WARN_UNREACHABLE_CODE = YES;
				CLANG_WARN__DUPLICATE_METHOD_MATCH = YES;
				COPY_PHASE_STRIP = NO;
				DEBUG_INFORMATION_FORMAT = dwarf;
				ENABLE_STRICT_OBJC_MSGSEND = YES;
				ENABLE_TESTABILITY = YES;
				GCC_C_LANGUAGE_STANDARD = gnu11;
				GCC_DYNAMIC_NO_PIC = NO;
				GCC_NO_COMMON_BLOCKS = YES;
				GCC_OPTIMIZATION_LEVEL = 0;
				GCC_PREPROCESSOR_DEFINITIONS = (
					"DEBUG=1",
					"$(inherited)",
				);
				GCC_WARN_64_TO_32_BIT_CONVERSION = YES;
				GCC_WARN_ABOUT_RETURN_TYPE = YES_ERROR;
				GCC_WARN_UNDECLARED_SELECTOR = YES;
				GCC_WARN_UNINITIALIZED_AUTOS = YES_AGGRESSIVE;
				GCC_WARN_UNUSED_FUNCTION = YES;
				GCC_WARN_UNUSED_VARIABLE = YES;
				IPHONEOS_DEPLOYMENT_TARGET = 15.5;
				MTL_ENABLE_DEBUG_INFO = INCLUDE_SOURCE;
				MTL_FAST_MATH = YES;
				ONLY_ACTIVE_ARCH = YES;
				SDKROOT = iphoneos;
				SWIFT_ACTIVE_COMPILATION_CONDITIONS = DEBUG;
				SWIFT_OPTIMIZATION_LEVEL = "-Onone";
			};
			name = Debug;
		};
		F27E923B299B86930088F194 /* Release */ = {
			isa = XCBuildConfiguration;
			buildSettings = {
				ALWAYS_SEARCH_USER_PATHS = NO;
				CLANG_ANALYZER_NONNULL = YES;
				CLANG_ANALYZER_NUMBER_OBJECT_CONVERSION = YES_AGGRESSIVE;
				CLANG_CXX_LANGUAGE_STANDARD = "gnu++17";
				CLANG_ENABLE_MODULES = YES;
				CLANG_ENABLE_OBJC_ARC = YES;
				CLANG_ENABLE_OBJC_WEAK = YES;
				CLANG_WARN_BLOCK_CAPTURE_AUTORELEASING = YES;
				CLANG_WARN_BOOL_CONVERSION = YES;
				CLANG_WARN_COMMA = YES;
				CLANG_WARN_CONSTANT_CONVERSION = YES;
				CLANG_WARN_DEPRECATED_OBJC_IMPLEMENTATIONS = YES;
				CLANG_WARN_DIRECT_OBJC_ISA_USAGE = YES_ERROR;
				CLANG_WARN_DOCUMENTATION_COMMENTS = YES;
				CLANG_WARN_EMPTY_BODY = YES;
				CLANG_WARN_ENUM_CONVERSION = YES;
				CLANG_WARN_INFINITE_RECURSION = YES;
				CLANG_WARN_INT_CONVERSION = YES;
				CLANG_WARN_NON_LITERAL_NULL_CONVERSION = YES;
				CLANG_WARN_OBJC_IMPLICIT_RETAIN_SELF = YES;
				CLANG_WARN_OBJC_LITERAL_CONVERSION = YES;
				CLANG_WARN_OBJC_ROOT_CLASS = YES_ERROR;
				CLANG_WARN_QUOTED_INCLUDE_IN_FRAMEWORK_HEADER = YES;
				CLANG_WARN_RANGE_LOOP_ANALYSIS = YES;
				CLANG_WARN_STRICT_PROTOTYPES = YES;
				CLANG_WARN_SUSPICIOUS_MOVE = YES;
				CLANG_WARN_UNGUARDED_AVAILABILITY = YES_AGGRESSIVE;
				CLANG_WARN_UNREACHABLE_CODE = YES;
				CLANG_WARN__DUPLICATE_METHOD_MATCH = YES;
				COPY_PHASE_STRIP = NO;
				DEBUG_INFORMATION_FORMAT = "dwarf-with-dsym";
				ENABLE_NS_ASSERTIONS = NO;
				ENABLE_STRICT_OBJC_MSGSEND = YES;
				GCC_C_LANGUAGE_STANDARD = gnu11;
				GCC_NO_COMMON_BLOCKS = YES;
				GCC_WARN_64_TO_32_BIT_CONVERSION = YES;
				GCC_WARN_ABOUT_RETURN_TYPE = YES_ERROR;
				GCC_WARN_UNDECLARED_SELECTOR = YES;
				GCC_WARN_UNINITIALIZED_AUTOS = YES_AGGRESSIVE;
				GCC_WARN_UNUSED_FUNCTION = YES;
				GCC_WARN_UNUSED_VARIABLE = YES;
				IPHONEOS_DEPLOYMENT_TARGET = 15.5;
				MTL_ENABLE_DEBUG_INFO = NO;
				MTL_FAST_MATH = YES;
				SDKROOT = iphoneos;
				SWIFT_COMPILATION_MODE = wholemodule;
				SWIFT_OPTIMIZATION_LEVEL = "-O";
				VALIDATE_PRODUCT = YES;
			};
			name = Release;
		};
		F27E923D299B86930088F194 /* Debug */ = {
			isa = XCBuildConfiguration;
			buildSettings = {
				ASSETCATALOG_COMPILER_APPICON_NAME = AppIcon;
				ASSETCATALOG_COMPILER_GLOBAL_ACCENT_COLOR_NAME = AccentColor;
				CODE_SIGN_STYLE = Automatic;
				CURRENT_PROJECT_VERSION = 1;
				GENERATE_INFOPLIST_FILE = YES;
				INFOPLIST_FILE = "Lab-ACHRAF/Info.plist";
				INFOPLIST_KEY_UIApplicationSupportsIndirectInputEvents = YES;
				INFOPLIST_KEY_UILaunchStoryboardName = LaunchScreen;
				INFOPLIST_KEY_UIMainStoryboardFile = Main;
				INFOPLIST_KEY_UISupportedInterfaceOrientations_iPad = "UIInterfaceOrientationPortrait UIInterfaceOrientationPortraitUpsideDown UIInterfaceOrientationLandscapeLeft UIInterfaceOrientationLandscapeRight";
				INFOPLIST_KEY_UISupportedInterfaceOrientations_iPhone = "UIInterfaceOrientationPortrait UIInterfaceOrientationLandscapeLeft UIInterfaceOrientationLandscapeRight";
				LD_RUNPATH_SEARCH_PATHS = (
					"$(inherited)",
					"@executable_path/Frameworks",
				);
				MARKETING_VERSION = 1.0;
				PRODUCT_BUNDLE_IDENTIFIER = "com.tekup.Lab-ACHRAF";
				PRODUCT_NAME = "$(TARGET_NAME)";
				SWIFT_EMIT_LOC_STRINGS = YES;
				SWIFT_VERSION = 5.0;
				TARGETED_DEVICE_FAMILY = "1,2";
			};
			name = Debug;
		};
		F27E923E299B86930088F194 /* Release */ = {
			isa = XCBuildConfiguration;
			buildSettings = {
				ASSETCATALOG_COMPILER_APPICON_NAME = AppIcon;
				ASSETCATALOG_COMPILER_GLOBAL_ACCENT_COLOR_NAME = AccentColor;
				CODE_SIGN_STYLE = Automatic;
				CURRENT_PROJECT_VERSION = 1;
				GENERATE_INFOPLIST_FILE = YES;
				INFOPLIST_FILE = "Lab-ACHRAF/Info.plist";
				INFOPLIST_KEY_UIApplicationSupportsIndirectInputEvents = YES;
				INFOPLIST_KEY_UILaunchStoryboardName = LaunchScreen;
				INFOPLIST_KEY_UIMainStoryboardFile = Main;
				INFOPLIST_KEY_UISupportedInterfaceOrientations_iPad = "UIInterfaceOrientationPortrait UIInterfaceOrientationPortraitUpsideDown UIInterfaceOrientationLandscapeLeft UIInterfaceOrientationLandscapeRight";
				INFOPLIST_KEY_UISupportedInterfaceOrientations_iPhone = "UIInterfaceOrientationPortrait UIInterfaceOrientationLandscapeLeft UIInterfaceOrientationLandscapeRight";
				LD_RUNPATH_SEARCH_PATHS = (
					"$(inherited)",
					"@executable_path/Frameworks",
				);
				MARKETING_VERSION = 1.0;
				PRODUCT_BUNDLE_IDENTIFIER = "com.tekup.Lab-ACHRAF";
				PRODUCT_NAME = "$(TARGET_NAME)";
				SWIFT_EMIT_LOC_STRINGS = YES;
				SWIFT_VERSION = 5.0;
				TARGETED_DEVICE_FAMILY = "1,2";
			};
			name = Release;
		};
/* End XCBuildConfiguration section */

/* Begin XCConfigurationList section */
		F27E9223299B86920088F194 /* Build configuration list for PBXProject "Lab-ACHRAF" */ = {
			isa = XCConfigurationList;
			buildConfigurations = (
				F27E923A299B86930088F194 /* Debug */,
				F27E923B299B86930088F194 /* Release */,
			);
			defaultConfigurationIsVisible = 0;
			defaultConfigurationName = Release;
		};
		F27E923C299B86930088F194 /* Build configuration list for PBXNativeTarget "Lab-ACHRAF" */ = {
			isa = XCConfigurationList;
			buildConfigurations = (
				F27E923D299B86930088F194 /* Debug */,
				F27E923E299B86930088F194 /* Release */,
			);
			defaultConfigurationIsVisible = 0;
			defaultConfigurationName = Release;
		};
/* End XCConfigurationList section */
	};
	rootObject = F27E9220299B86920088F194 /* Project object */;
}
